
Microsoft Visual Studio Solution File, Format Version 12.00
# Visual Studio Version 17
VisualStudioVersion = 17.5.33414.496
MinimumVisualStudioVersion = 10.0.40219.1
Project("{2150E333-8FDC-42A3-9474-1A3956D46DE8}") = "Services", "Services", "{9142A13F-047D-499C-848E-6105E0D1E293}"
EndProject
Project("{2150E333-8FDC-42A3-9474-1A3956D46DE8}") = "Catalog", "Catalog", "{16E64DA9-E295-4C1D-9236-E73539A464C5}"
EndProject
Project("{9A19103F-16F7-4668-BE54-9A1E7A4F7556}") = "FreeCourse.Services.Catalog", "Services\Catalog\FreeCourse.Services.Catalog\FreeCourse.Services.Catalog.csproj", "{B75A748B-F4E0-4DF6-8658-0CABFA71CC0A}"
EndProject
Project("{2150E333-8FDC-42A3-9474-1A3956D46DE8}") = "Solution Items", "Solution Items", "{B571C5BD-BE1F-4186-8162-0D07AB83A6A8}"
	ProjectSection(SolutionItems) = preProject
		Ports.txt = Ports.txt
	EndProjectSection
EndProject
Project("{2150E333-8FDC-42A3-9474-1A3956D46DE8}") = "Shared", "Shared", "{5DEE3A13-FA1F-4844-85F2-27CA4C881859}"
EndProject
Project("{9A19103F-16F7-4668-BE54-9A1E7A4F7556}") = "FreeCourse.Shared", "Shared\FreeCourse.Shared\FreeCourse.Shared.csproj", "{A114BBE4-76FA-453B-845D-2EED6D0744E1}"
EndProject
Project("{2150E333-8FDC-42A3-9474-1A3956D46DE8}") = "IdentityServer", "IdentityServer", "{29EBF7CB-B3BA-43C3-A33B-AC8437A59560}"
EndProject
Project("{2150E333-8FDC-42A3-9474-1A3956D46DE8}") = "PhotoStock", "PhotoStock", "{0313FEE4-4BD8-4DE4-8CCC-42B7EC2A3276}"
EndProject
Project("{9A19103F-16F7-4668-BE54-9A1E7A4F7556}") = "FreeCourse.Services.PhotoStock", "Services\PhotoStock\FreeCourse.Services.PhotoStock\FreeCourse.Services.PhotoStock.csproj", "{51787C68-3579-4629-83A8-5AAF43E948C7}"
EndProject
Project("{2150E333-8FDC-42A3-9474-1A3956D46DE8}") = "Basket", "Basket", "{D41D0FD2-E4E8-41D9-AE0A-E3A0AD9357FF}"
EndProject
Project("{9A19103F-16F7-4668-BE54-9A1E7A4F7556}") = "FreeCourse.Services.Basket", "Services\Basket\FreeCourse.Services.Basket\FreeCourse.Services.Basket.csproj", "{235F6632-054F-477C-B17C-971EC0FB20BC}"
EndProject
Project("{9A19103F-16F7-4668-BE54-9A1E7A4F7556}") = "FreeCourse.IdentityServer", "IdentityServer\FreeCourse.IdentityServer.csproj", "{AFAA9516-9509-4FEB-8B7E-5FA9C6F7165D}"
EndProject
Project("{2150E333-8FDC-42A3-9474-1A3956D46DE8}") = "Discount", "Discount", "{C0ADCB9F-4CC9-4FF4-B82F-894E274D8131}"
EndProject
Project("{9A19103F-16F7-4668-BE54-9A1E7A4F7556}") = "FreeCourse.Services.Discount", "Services\Discount\FreeCourse.Services.Discount\FreeCourse.Services.Discount.csproj", "{4E596064-FF25-4AA3-84E7-B12A215E13BB}"
EndProject
Project("{2150E333-8FDC-42A3-9474-1A3956D46DE8}") = "Order", "Order", "{78F6C93C-A8AB-4FFA-BE87-68E89FE063A9}"
EndProject
Project("{FAE04EC0-301F-11D3-BF4B-00C04F79EFBC}") = "FreeCourse.Services.Order.API", "Services\Order\FreeCourse.Services.Order.API\FreeCourse.Services.Order.API.csproj", "{46786C9D-99CC-42DB-B9ED-D114D2FF2C3A}"
EndProject
Project("{FAE04EC0-301F-11D3-BF4B-00C04F79EFBC}") = "FreeCourse.Services.Order.Application", "Services\Order\FreeCourse.Services.Order.Application\FreeCourse.Services.Order.Application.csproj", "{44D50D48-872C-4023-9760-1652E596D337}"
EndProject
Project("{FAE04EC0-301F-11D3-BF4B-00C04F79EFBC}") = "FreeCourse.Services.Order.Domain", "Services\Order\FreeCourse.Services.Order.Domain\FreeCourse.Services.Order.Domain.csproj", "{58D5E4B8-C679-4BA6-B383-E1DFDE75DE50}"
EndProject
Project("{FAE04EC0-301F-11D3-BF4B-00C04F79EFBC}") = "FreeCourse.Services.Order.Domain.Core", "Services\Order\FreeCourse.Services.Order.Domain.Core\FreeCourse.Services.Order.Domain.Core.csproj", "{CC25B9A3-F8D6-4E86-883C-835079BA00EA}"
EndProject
Project("{FAE04EC0-301F-11D3-BF4B-00C04F79EFBC}") = "FreeCourse.Services.Order.Infrastructure", "Services\Order\FreeCourse.Services.Order.Infrastructure\FreeCourse.Services.Order.Infrastructure.csproj", "{C36117B1-6B1D-45D6-AE12-83E3C11D52BD}"
EndProject
Global
	GlobalSection(SolutionConfigurationPlatforms) = preSolution
		Debug|Any CPU = Debug|Any CPU
		Release|Any CPU = Release|Any CPU
	EndGlobalSection
	GlobalSection(ProjectConfigurationPlatforms) = postSolution
		{B75A748B-F4E0-4DF6-8658-0CABFA71CC0A}.Debug|Any CPU.ActiveCfg = Debug|Any CPU
		{B75A748B-F4E0-4DF6-8658-0CABFA71CC0A}.Debug|Any CPU.Build.0 = Debug|Any CPU
		{B75A748B-F4E0-4DF6-8658-0CABFA71CC0A}.Release|Any CPU.ActiveCfg = Release|Any CPU
		{B75A748B-F4E0-4DF6-8658-0CABFA71CC0A}.Release|Any CPU.Build.0 = Release|Any CPU
		{A114BBE4-76FA-453B-845D-2EED6D0744E1}.Debug|Any CPU.ActiveCfg = Debug|Any CPU
		{A114BBE4-76FA-453B-845D-2EED6D0744E1}.Debug|Any CPU.Build.0 = Debug|Any CPU
		{A114BBE4-76FA-453B-845D-2EED6D0744E1}.Release|Any CPU.ActiveCfg = Release|Any CPU
		{A114BBE4-76FA-453B-845D-2EED6D0744E1}.Release|Any CPU.Build.0 = Release|Any CPU
		{51787C68-3579-4629-83A8-5AAF43E948C7}.Debug|Any CPU.ActiveCfg = Debug|Any CPU
		{51787C68-3579-4629-83A8-5AAF43E948C7}.Debug|Any CPU.Build.0 = Debug|Any CPU
		{51787C68-3579-4629-83A8-5AAF43E948C7}.Release|Any CPU.ActiveCfg = Release|Any CPU
		{51787C68-3579-4629-83A8-5AAF43E948C7}.Release|Any CPU.Build.0 = Release|Any CPU
		{235F6632-054F-477C-B17C-971EC0FB20BC}.Debug|Any CPU.ActiveCfg = Debug|Any CPU
		{235F6632-054F-477C-B17C-971EC0FB20BC}.Debug|Any CPU.Build.0 = Debug|Any CPU
		{235F6632-054F-477C-B17C-971EC0FB20BC}.Release|Any CPU.ActiveCfg = Release|Any CPU
		{235F6632-054F-477C-B17C-971EC0FB20BC}.Release|Any CPU.Build.0 = Release|Any CPU
		{AFAA9516-9509-4FEB-8B7E-5FA9C6F7165D}.Debug|Any CPU.ActiveCfg = Debug|Any CPU
		{AFAA9516-9509-4FEB-8B7E-5FA9C6F7165D}.Debug|Any CPU.Build.0 = Debug|Any CPU
		{AFAA9516-9509-4FEB-8B7E-5FA9C6F7165D}.Release|Any CPU.ActiveCfg = Release|Any CPU
		{AFAA9516-9509-4FEB-8B7E-5FA9C6F7165D}.Release|Any CPU.Build.0 = Release|Any CPU
		{4E596064-FF25-4AA3-84E7-B12A215E13BB}.Debug|Any CPU.ActiveCfg = Debug|Any CPU
		{4E596064-FF25-4AA3-84E7-B12A215E13BB}.Debug|Any CPU.Build.0 = Debug|Any CPU
		{4E596064-FF25-4AA3-84E7-B12A215E13BB}.Release|Any CPU.ActiveCfg = Release|Any CPU
		{4E596064-FF25-4AA3-84E7-B12A215E13BB}.Release|Any CPU.Build.0 = Release|Any CPU
		{46786C9D-99CC-42DB-B9ED-D114D2FF2C3A}.Debug|Any CPU.ActiveCfg = Debug|Any CPU
		{46786C9D-99CC-42DB-B9ED-D114D2FF2C3A}.Debug|Any CPU.Build.0 = Debug|Any CPU
		{46786C9D-99CC-42DB-B9ED-D114D2FF2C3A}.Release|Any CPU.ActiveCfg = Release|Any CPU
		{46786C9D-99CC-42DB-B9ED-D114D2FF2C3A}.Release|Any CPU.Build.0 = Release|Any CPU
		{44D50D48-872C-4023-9760-1652E596D337}.Debug|Any CPU.ActiveCfg = Debug|Any CPU
		{44D50D48-872C-4023-9760-1652E596D337}.Debug|Any CPU.Build.0 = Debug|Any CPU
		{44D50D48-872C-4023-9760-1652E596D337}.Release|Any CPU.ActiveCfg = Release|Any CPU
		{44D50D48-872C-4023-9760-1652E596D337}.Release|Any CPU.Build.0 = Release|Any CPU
		{58D5E4B8-C679-4BA6-B383-E1DFDE75DE50}.Debug|Any CPU.ActiveCfg = Debug|Any CPU
		{58D5E4B8-C679-4BA6-B383-E1DFDE75DE50}.Debug|Any CPU.Build.0 = Debug|Any CPU
		{58D5E4B8-C679-4BA6-B383-E1DFDE75DE50}.Release|Any CPU.ActiveCfg = Release|Any CPU
		{58D5E4B8-C679-4BA6-B383-E1DFDE75DE50}.Release|Any CPU.Build.0 = Release|Any CPU
		{CC25B9A3-F8D6-4E86-883C-835079BA00EA}.Debug|Any CPU.ActiveCfg = Debug|Any CPU
		{CC25B9A3-F8D6-4E86-883C-835079BA00EA}.Debug|Any CPU.Build.0 = Debug|Any CPU
		{CC25B9A3-F8D6-4E86-883C-835079BA00EA}.Release|Any CPU.ActiveCfg = Release|Any CPU
		{CC25B9A3-F8D6-4E86-883C-835079BA00EA}.Release|Any CPU.Build.0 = Release|Any CPU
		{C36117B1-6B1D-45D6-AE12-83E3C11D52BD}.Debug|Any CPU.ActiveCfg = Debug|Any CPU
		{C36117B1-6B1D-45D6-AE12-83E3C11D52BD}.Debug|Any CPU.Build.0 = Debug|Any CPU
		{C36117B1-6B1D-45D6-AE12-83E3C11D52BD}.Release|Any CPU.ActiveCfg = Release|Any CPU
		{C36117B1-6B1D-45D6-AE12-83E3C11D52BD}.Release|Any CPU.Build.0 = Release|Any CPU
	EndGlobalSection
	GlobalSection(SolutionProperties) = preSolution
		HideSolutionNode = FALSE
	EndGlobalSection
	GlobalSection(NestedProjects) = preSolution
		{16E64DA9-E295-4C1D-9236-E73539A464C5} = {9142A13F-047D-499C-848E-6105E0D1E293}
		{B75A748B-F4E0-4DF6-8658-0CABFA71CC0A} = {16E64DA9-E295-4C1D-9236-E73539A464C5}
		{A114BBE4-76FA-453B-845D-2EED6D0744E1} = {5DEE3A13-FA1F-4844-85F2-27CA4C881859}
		{0313FEE4-4BD8-4DE4-8CCC-42B7EC2A3276} = {9142A13F-047D-499C-848E-6105E0D1E293}
		{51787C68-3579-4629-83A8-5AAF43E948C7} = {0313FEE4-4BD8-4DE4-8CCC-42B7EC2A3276}
		{D41D0FD2-E4E8-41D9-AE0A-E3A0AD9357FF} = {9142A13F-047D-499C-848E-6105E0D1E293}
		{235F6632-054F-477C-B17C-971EC0FB20BC} = {D41D0FD2-E4E8-41D9-AE0A-E3A0AD9357FF}
		{AFAA9516-9509-4FEB-8B7E-5FA9C6F7165D} = {29EBF7CB-B3BA-43C3-A33B-AC8437A59560}
		{C0ADCB9F-4CC9-4FF4-B82F-894E274D8131} = {9142A13F-047D-499C-848E-6105E0D1E293}
		{4E596064-FF25-4AA3-84E7-B12A215E13BB} = {C0ADCB9F-4CC9-4FF4-B82F-894E274D8131}
		{78F6C93C-A8AB-4FFA-BE87-68E89FE063A9} = {9142A13F-047D-499C-848E-6105E0D1E293}
		{46786C9D-99CC-42DB-B9ED-D114D2FF2C3A} = {78F6C93C-A8AB-4FFA-BE87-68E89FE063A9}
		{44D50D48-872C-4023-9760-1652E596D337} = {78F6C93C-A8AB-4FFA-BE87-68E89FE063A9}
		{58D5E4B8-C679-4BA6-B383-E1DFDE75DE50} = {78F6C93C-A8AB-4FFA-BE87-68E89FE063A9}
		{CC25B9A3-F8D6-4E86-883C-835079BA00EA} = {78F6C93C-A8AB-4FFA-BE87-68E89FE063A9}
		{C36117B1-6B1D-45D6-AE12-83E3C11D52BD} = {78F6C93C-A8AB-4FFA-BE87-68E89FE063A9}
	EndGlobalSection
	GlobalSection(ExtensibilityGlobals) = postSolution
		SolutionGuid = {97AF508E-58E0-418B-A54C-0044B79B84D2}
	EndGlobalSection
EndGlobal
